
Microsoft Visual Studio Solution File, Format Version 12.00
# Visual Studio Version 16
VisualStudioVersion = 25.0.1706.0
MinimumVisualStudioVersion = 10.0.40219.1
Project("{FAE04EC0-301F-11D3-BF4B-00C04F79EFBC}") = "HSB", "HSB\HSB.csproj", "{3D78A983-50D8-4605-98B5-DD0DFA8D979C}"
EndProject
Project("{FAE04EC0-301F-11D3-BF4B-00C04F79EFBC}") = "TestRunner", "TestRunner\TestRunner.csproj", "{370F5E96-BF40-4036-9E2C-E6C840177063}"
EndProject
Project("{FAE04EC0-301F-11D3-BF4B-00C04F79EFBC}") = "Standalone", "Standalone\Standalone.csproj", "{0DE25B84-6320-42CD-8C07-354B5BE1EC18}"
EndProject
Project("{FAE04EC0-301F-11D3-BF4B-00C04F79EFBC}") = "Manager", "Manager\Manager.csproj", "{D6FA18ED-AEA5-4DE9-87E0-941F7AFEE6AE}"
EndProject
Project("{FAE04EC0-301F-11D3-BF4B-00C04F79EFBC}") = "Template", "Template\Template.csproj", "{419E6EF9-552A-446E-BCF9-1B91FD241593}"
EndProject
Project("{FAE04EC0-301F-11D3-BF4B-00C04F79EFBC}") = "MultiplatformLauncher", "MultiplatformLauncher\MultiplatformLauncher.csproj", "{F7472E27-F302-4BBA-9695-8EA79A774F03}"
EndProject
Project("{FAE04EC0-301F-11D3-BF4B-00C04F79EFBC}") = "StandaloneLauncherExampleAndTest", "StandaloneLauncherExampleAndTest\StandaloneLauncherExampleAndTest.csproj", "{3A5CE49F-3D5A-4D59-92F0-A2E4A44A8846}"
EndProject
Global
	GlobalSection(SolutionConfigurationPlatforms) = preSolution
		Debug|Any CPU = Debug|Any CPU
		Release|Any CPU = Release|Any CPU
	EndGlobalSection
	GlobalSection(ProjectConfigurationPlatforms) = postSolution
		{3D78A983-50D8-4605-98B5-DD0DFA8D979C}.Debug|Any CPU.ActiveCfg = Debug|Any CPU
		{3D78A983-50D8-4605-98B5-DD0DFA8D979C}.Debug|Any CPU.Build.0 = Debug|Any CPU
		{3D78A983-50D8-4605-98B5-DD0DFA8D979C}.Release|Any CPU.ActiveCfg = Release|Any CPU
		{3D78A983-50D8-4605-98B5-DD0DFA8D979C}.Release|Any CPU.Build.0 = Release|Any CPU
		{370F5E96-BF40-4036-9E2C-E6C840177063}.Debug|Any CPU.ActiveCfg = Debug|Any CPU
		{370F5E96-BF40-4036-9E2C-E6C840177063}.Debug|Any CPU.Build.0 = Debug|Any CPU
		{370F5E96-BF40-4036-9E2C-E6C840177063}.Release|Any CPU.ActiveCfg = Release|Any CPU
		{370F5E96-BF40-4036-9E2C-E6C840177063}.Release|Any CPU.Build.0 = Release|Any CPU
		{0DE25B84-6320-42CD-8C07-354B5BE1EC18}.Debug|Any CPU.ActiveCfg = Debug|Any CPU
		{0DE25B84-6320-42CD-8C07-354B5BE1EC18}.Debug|Any CPU.Build.0 = Debug|Any CPU
		{0DE25B84-6320-42CD-8C07-354B5BE1EC18}.Release|Any CPU.ActiveCfg = Release|Any CPU
		{0DE25B84-6320-42CD-8C07-354B5BE1EC18}.Release|Any CPU.Build.0 = Release|Any CPU
		{D6FA18ED-AEA5-4DE9-87E0-941F7AFEE6AE}.Debug|Any CPU.ActiveCfg = Debug|Any CPU
		{D6FA18ED-AEA5-4DE9-87E0-941F7AFEE6AE}.Debug|Any CPU.Build.0 = Debug|Any CPU
		{D6FA18ED-AEA5-4DE9-87E0-941F7AFEE6AE}.Release|Any CPU.ActiveCfg = Release|Any CPU
		{D6FA18ED-AEA5-4DE9-87E0-941F7AFEE6AE}.Release|Any CPU.Build.0 = Release|Any CPU
		{419E6EF9-552A-446E-BCF9-1B91FD241593}.Debug|Any CPU.ActiveCfg = Debug|Any CPU
		{419E6EF9-552A-446E-BCF9-1B91FD241593}.Debug|Any CPU.Build.0 = Debug|Any CPU
		{419E6EF9-552A-446E-BCF9-1B91FD241593}.Release|Any CPU.ActiveCfg = Release|Any CPU
		{419E6EF9-552A-446E-BCF9-1B91FD241593}.Release|Any CPU.Build.0 = Release|Any CPU
		{F7472E27-F302-4BBA-9695-8EA79A774F03}.Debug|Any CPU.ActiveCfg = Debug|Any CPU
		{F7472E27-F302-4BBA-9695-8EA79A774F03}.Debug|Any CPU.Build.0 = Debug|Any CPU
		{F7472E27-F302-4BBA-9695-8EA79A774F03}.Release|Any CPU.ActiveCfg = Release|Any CPU
		{F7472E27-F302-4BBA-9695-8EA79A774F03}.Release|Any CPU.Build.0 = Release|Any CPU
		{3A5CE49F-3D5A-4D59-92F0-A2E4A44A8846}.Debug|Any CPU.ActiveCfg = Debug|Any CPU
		{3A5CE49F-3D5A-4D59-92F0-A2E4A44A8846}.Debug|Any CPU.Build.0 = Debug|Any CPU
		{3A5CE49F-3D5A-4D59-92F0-A2E4A44A8846}.Release|Any CPU.ActiveCfg = Release|Any CPU
		{3A5CE49F-3D5A-4D59-92F0-A2E4A44A8846}.Release|Any CPU.Build.0 = Release|Any CPU
	EndGlobalSection
	GlobalSection(SolutionProperties) = preSolution
		HideSolutionNode = FALSE
	EndGlobalSection
	GlobalSection(ExtensibilityGlobals) = postSolution
		SolutionGuid = {DB06B193-55A8-4511-BBE7-B6E49532B2B3}
	EndGlobalSection
EndGlobal
