
Microsoft Visual Studio Solution File, Format Version 12.00
# Visual Studio Version 16
VisualStudioVersion = 25.0.1706.0
MinimumVisualStudioVersion = 10.0.40219.1
Project("{FAE04EC0-301F-11D3-BF4B-00C04F79EFBC}") = "HSB", "HSB.csproj", "{3D78A983-50D8-4605-98B5-DD0DFA8D979C}"
EndProject
Global
	GlobalSection(SolutionConfigurationPlatforms) = preSolution
		Debug|Any CPU = Debug|Any CPU
		Release|Any CPU = Release|Any CPU
	EndGlobalSection
	GlobalSection(ProjectConfigurationPlatforms) = postSolution
		{3D78A983-50D8-4605-98B5-DD0DFA8D979C}.Debug|Any CPU.ActiveCfg = Debug|Any CPU
		{3D78A983-50D8-4605-98B5-DD0DFA8D979C}.Debug|Any CPU.Build.0 = Debug|Any CPU
		{3D78A983-50D8-4605-98B5-DD0DFA8D979C}.Release|Any CPU.ActiveCfg = Release|Any CPU
		{3D78A983-50D8-4605-98B5-DD0DFA8D979C}.Release|Any CPU.Build.0 = Release|Any CPU
	EndGlobalSection
	GlobalSection(SolutionProperties) = preSolution
		HideSolutionNode = FALSE
	EndGlobalSection
	GlobalSection(ExtensibilityGlobals) = postSolution
		SolutionGuid = {DB06B193-55A8-4511-BBE7-B6E49532B2B3}
	EndGlobalSection
EndGlobal
