
Microsoft Visual Studio Solution File, Format Version 12.00
# Visual Studio Version 17
VisualStudioVersion = 17.7.33920.267
MinimumVisualStudioVersion = 10.0.40219.1
Project("{9A19103F-16F7-4668-BE54-9A1E7A4F7556}") = "HSB", "HSB\HSB.csproj", "{3D78A983-50D8-4605-98B5-DD0DFA8D979C}"
EndProject
Project("{9A19103F-16F7-4668-BE54-9A1E7A4F7556}") = "Runner", "Runner\Runner.csproj", "{370F5E96-BF40-4036-9E2C-E6C840177063}"
EndProject
Project("{9A19103F-16F7-4668-BE54-9A1E7A4F7556}") = "Bootstrapper", "Bootstrapper\Bootstrapper.csproj", "{0DE25B84-6320-42CD-8C07-354B5BE1EC18}"
EndProject
Project("{9A19103F-16F7-4668-BE54-9A1E7A4F7556}") = "Template", "Template\Template.csproj", "{419E6EF9-552A-446E-BCF9-1B91FD241593}"
EndProject
Project("{9A19103F-16F7-4668-BE54-9A1E7A4F7556}") = "Launcher", "Launcher\Launcher.csproj", "{F7472E27-F302-4BBA-9695-8EA79A774F03}"
EndProject
Project("{9A19103F-16F7-4668-BE54-9A1E7A4F7556}") = "LaunchableExample", "Examples\LaunchableExample\LaunchableExample.csproj", "{3A5CE49F-3D5A-4D59-92F0-A2E4A44A8846}"
EndProject
Project("{2150E333-8FDC-42A3-9474-1A3956D46DE8}") = "Examples", "Examples", "{0DE81A42-C946-4FD6-93D6-7C3F236282D5}"
EndProject
Project("{9A19103F-16F7-4668-BE54-9A1E7A4F7556}") = "HelloWorld", "Examples\HelloWorld\HelloWorld.csproj", "{E650D5F3-5EBB-4EA6-9858-9CD20EDF20C4}"
EndProject
Project("{9A19103F-16F7-4668-BE54-9A1E7A4F7556}") = "HelloWorldServlet", "Examples\HelloWorldServlet\HelloWorldServlet.csproj", "{5E826C71-5144-40F3-8B9A-B15904DBC80A}"
EndProject
Project("{9A19103F-16F7-4668-BE54-9A1E7A4F7556}") = "JSONResponse", "Examples\JSONResponse\JSONResponse.csproj", "{618BE9AE-06A1-48B7-A976-DBA983C1362B}"
EndProject
Project("{9A19103F-16F7-4668-BE54-9A1E7A4F7556}") = "CustomHTTPMethods", "Examples\CustomHTTPMethods\CustomHTTPMethods.csproj", "{6F48CFF1-4351-47F0-82BE-12818F548731}"
EndProject
Project("{2150E333-8FDC-42A3-9474-1A3956D46DE8}") = "Experiments", "Experiments", "{8B5CD76D-9C1D-43F4-B674-3FD5986E4F97}"
EndProject
Project("{9A19103F-16F7-4668-BE54-9A1E7A4F7556}") = "TLSImpl", "Experiments\TLSImpl\TLSImpl.csproj", "{10F5B4B7-D342-4DC9-ACB1-635FBAF7016A}"
EndProject
Project("{9A19103F-16F7-4668-BE54-9A1E7A4F7556}") = "AjaxRequest", "Examples\AjaxRequest\AjaxRequest.csproj", "{7022025F-BE3E-49C7-A0E6-DCE13296D0C3}"
EndProject
Project("{9A19103F-16F7-4668-BE54-9A1E7A4F7556}") = "WebSockets", "Experiments\WebSockets\WebSockets.csproj", "{B778BBCB-9DF1-4BCD-9E6C-380B708CC1B9}"
EndProject
Project("{9A19103F-16F7-4668-BE54-9A1E7A4F7556}") = "FormHandling", "Examples\FormHandling\FormHandling.csproj", "{49B5955B-8C12-4CFF-A525-DDA5666E8BAB}"
EndProject
Project("{9A19103F-16F7-4668-BE54-9A1E7A4F7556}") = "Empty", "Examples\Empty\Empty.csproj", "{6BA5E3DA-F484-4483-94B3-DA1EC185D99E}"
EndProject
Project("{9A19103F-16F7-4668-BE54-9A1E7A4F7556}") = "FileListing", "Examples\FileListing\FileListing.csproj", "{D278AF2A-8DE9-4793-9AFD-889AD70647D2}"
EndProject
Project("{9A19103F-16F7-4668-BE54-9A1E7A4F7556}") = "SSL", "Examples\SSL\SSL.csproj", "{6768F953-8A9A-483C-9FA8-5B7863F2E2EE}"
EndProject
Project("{9A19103F-16F7-4668-BE54-9A1E7A4F7556}") = "CORS", "Experiments\CORS\CORS.csproj", "{22830714-D02E-4C25-8192-6FD5B9273ED3}"
EndProject
Project("{FAE04EC0-301F-11D3-BF4B-00C04F79EFBC}") = "Documentation", "Examples\Documentation\Documentation.csproj", "{7DF155A0-C835-492F-A7CA-C1810F361631}"
EndProject
Project("{FAE04EC0-301F-11D3-BF4B-00C04F79EFBC}") = "Requestio", "Experiments\Requestio\Requestio.csproj", "{DDFCBDA3-FD05-456B-9685-275B50FFB6EF}"
EndProject
Project("{FAE04EC0-301F-11D3-BF4B-00C04F79EFBC}") = "StreamingResponse", "Examples\StreamingResponse\StreamingResponse.csproj", "{59BCE191-69C2-4B99-ABA4-FB94C9E2A007}"
EndProject
Global
	GlobalSection(SolutionConfigurationPlatforms) = preSolution
		Debug|Any CPU = Debug|Any CPU
		Debug|x64 = Debug|x64
		Debug|x86 = Debug|x86
		Release|Any CPU = Release|Any CPU
		Release|x64 = Release|x64
		Release|x86 = Release|x86
	EndGlobalSection
	GlobalSection(ProjectConfigurationPlatforms) = postSolution
		{3D78A983-50D8-4605-98B5-DD0DFA8D979C}.Debug|Any CPU.ActiveCfg = Debug|Any CPU
		{3D78A983-50D8-4605-98B5-DD0DFA8D979C}.Debug|Any CPU.Build.0 = Debug|Any CPU
		{3D78A983-50D8-4605-98B5-DD0DFA8D979C}.Debug|x64.ActiveCfg = Debug|Any CPU
		{3D78A983-50D8-4605-98B5-DD0DFA8D979C}.Debug|x64.Build.0 = Debug|Any CPU
		{3D78A983-50D8-4605-98B5-DD0DFA8D979C}.Debug|x86.ActiveCfg = Debug|Any CPU
		{3D78A983-50D8-4605-98B5-DD0DFA8D979C}.Debug|x86.Build.0 = Debug|Any CPU
		{3D78A983-50D8-4605-98B5-DD0DFA8D979C}.Release|Any CPU.ActiveCfg = Release|Any CPU
		{3D78A983-50D8-4605-98B5-DD0DFA8D979C}.Release|Any CPU.Build.0 = Release|Any CPU
		{3D78A983-50D8-4605-98B5-DD0DFA8D979C}.Release|x64.ActiveCfg = Release|Any CPU
		{3D78A983-50D8-4605-98B5-DD0DFA8D979C}.Release|x64.Build.0 = Release|Any CPU
		{3D78A983-50D8-4605-98B5-DD0DFA8D979C}.Release|x86.ActiveCfg = Release|Any CPU
		{3D78A983-50D8-4605-98B5-DD0DFA8D979C}.Release|x86.Build.0 = Release|Any CPU
		{370F5E96-BF40-4036-9E2C-E6C840177063}.Debug|Any CPU.ActiveCfg = Debug|Any CPU
		{370F5E96-BF40-4036-9E2C-E6C840177063}.Debug|Any CPU.Build.0 = Debug|Any CPU
		{370F5E96-BF40-4036-9E2C-E6C840177063}.Debug|x64.ActiveCfg = Debug|Any CPU
		{370F5E96-BF40-4036-9E2C-E6C840177063}.Debug|x64.Build.0 = Debug|Any CPU
		{370F5E96-BF40-4036-9E2C-E6C840177063}.Debug|x86.ActiveCfg = Debug|Any CPU
		{370F5E96-BF40-4036-9E2C-E6C840177063}.Debug|x86.Build.0 = Debug|Any CPU
		{370F5E96-BF40-4036-9E2C-E6C840177063}.Release|Any CPU.ActiveCfg = Release|Any CPU
		{370F5E96-BF40-4036-9E2C-E6C840177063}.Release|Any CPU.Build.0 = Release|Any CPU
		{370F5E96-BF40-4036-9E2C-E6C840177063}.Release|x64.ActiveCfg = Release|Any CPU
		{370F5E96-BF40-4036-9E2C-E6C840177063}.Release|x64.Build.0 = Release|Any CPU
		{370F5E96-BF40-4036-9E2C-E6C840177063}.Release|x86.ActiveCfg = Release|Any CPU
		{370F5E96-BF40-4036-9E2C-E6C840177063}.Release|x86.Build.0 = Release|Any CPU
		{0DE25B84-6320-42CD-8C07-354B5BE1EC18}.Debug|Any CPU.ActiveCfg = Debug|Any CPU
		{0DE25B84-6320-42CD-8C07-354B5BE1EC18}.Debug|Any CPU.Build.0 = Debug|Any CPU
		{0DE25B84-6320-42CD-8C07-354B5BE1EC18}.Debug|x64.ActiveCfg = Debug|Any CPU
		{0DE25B84-6320-42CD-8C07-354B5BE1EC18}.Debug|x64.Build.0 = Debug|Any CPU
		{0DE25B84-6320-42CD-8C07-354B5BE1EC18}.Debug|x86.ActiveCfg = Debug|Any CPU
		{0DE25B84-6320-42CD-8C07-354B5BE1EC18}.Debug|x86.Build.0 = Debug|Any CPU
		{0DE25B84-6320-42CD-8C07-354B5BE1EC18}.Release|Any CPU.ActiveCfg = Release|Any CPU
		{0DE25B84-6320-42CD-8C07-354B5BE1EC18}.Release|Any CPU.Build.0 = Release|Any CPU
		{0DE25B84-6320-42CD-8C07-354B5BE1EC18}.Release|x64.ActiveCfg = Release|Any CPU
		{0DE25B84-6320-42CD-8C07-354B5BE1EC18}.Release|x64.Build.0 = Release|Any CPU
		{0DE25B84-6320-42CD-8C07-354B5BE1EC18}.Release|x86.ActiveCfg = Release|Any CPU
		{0DE25B84-6320-42CD-8C07-354B5BE1EC18}.Release|x86.Build.0 = Release|Any CPU
		{419E6EF9-552A-446E-BCF9-1B91FD241593}.Debug|Any CPU.ActiveCfg = Debug|Any CPU
		{419E6EF9-552A-446E-BCF9-1B91FD241593}.Debug|Any CPU.Build.0 = Debug|Any CPU
		{419E6EF9-552A-446E-BCF9-1B91FD241593}.Debug|x64.ActiveCfg = Debug|Any CPU
		{419E6EF9-552A-446E-BCF9-1B91FD241593}.Debug|x64.Build.0 = Debug|Any CPU
		{419E6EF9-552A-446E-BCF9-1B91FD241593}.Debug|x86.ActiveCfg = Debug|Any CPU
		{419E6EF9-552A-446E-BCF9-1B91FD241593}.Debug|x86.Build.0 = Debug|Any CPU
		{419E6EF9-552A-446E-BCF9-1B91FD241593}.Release|Any CPU.ActiveCfg = Release|Any CPU
		{419E6EF9-552A-446E-BCF9-1B91FD241593}.Release|Any CPU.Build.0 = Release|Any CPU
		{419E6EF9-552A-446E-BCF9-1B91FD241593}.Release|x64.ActiveCfg = Release|Any CPU
		{419E6EF9-552A-446E-BCF9-1B91FD241593}.Release|x64.Build.0 = Release|Any CPU
		{419E6EF9-552A-446E-BCF9-1B91FD241593}.Release|x86.ActiveCfg = Release|Any CPU
		{419E6EF9-552A-446E-BCF9-1B91FD241593}.Release|x86.Build.0 = Release|Any CPU
		{F7472E27-F302-4BBA-9695-8EA79A774F03}.Debug|Any CPU.ActiveCfg = Debug|Any CPU
		{F7472E27-F302-4BBA-9695-8EA79A774F03}.Debug|Any CPU.Build.0 = Debug|Any CPU
		{F7472E27-F302-4BBA-9695-8EA79A774F03}.Debug|x64.ActiveCfg = Debug|Any CPU
		{F7472E27-F302-4BBA-9695-8EA79A774F03}.Debug|x64.Build.0 = Debug|Any CPU
		{F7472E27-F302-4BBA-9695-8EA79A774F03}.Debug|x86.ActiveCfg = Debug|Any CPU
		{F7472E27-F302-4BBA-9695-8EA79A774F03}.Debug|x86.Build.0 = Debug|Any CPU
		{F7472E27-F302-4BBA-9695-8EA79A774F03}.Release|Any CPU.ActiveCfg = Release|Any CPU
		{F7472E27-F302-4BBA-9695-8EA79A774F03}.Release|Any CPU.Build.0 = Release|Any CPU
		{F7472E27-F302-4BBA-9695-8EA79A774F03}.Release|x64.ActiveCfg = Release|Any CPU
		{F7472E27-F302-4BBA-9695-8EA79A774F03}.Release|x64.Build.0 = Release|Any CPU
		{F7472E27-F302-4BBA-9695-8EA79A774F03}.Release|x86.ActiveCfg = Release|Any CPU
		{F7472E27-F302-4BBA-9695-8EA79A774F03}.Release|x86.Build.0 = Release|Any CPU
		{3A5CE49F-3D5A-4D59-92F0-A2E4A44A8846}.Debug|Any CPU.ActiveCfg = Debug|Any CPU
		{3A5CE49F-3D5A-4D59-92F0-A2E4A44A8846}.Debug|Any CPU.Build.0 = Debug|Any CPU
		{3A5CE49F-3D5A-4D59-92F0-A2E4A44A8846}.Debug|x64.ActiveCfg = Debug|Any CPU
		{3A5CE49F-3D5A-4D59-92F0-A2E4A44A8846}.Debug|x64.Build.0 = Debug|Any CPU
		{3A5CE49F-3D5A-4D59-92F0-A2E4A44A8846}.Debug|x86.ActiveCfg = Debug|Any CPU
		{3A5CE49F-3D5A-4D59-92F0-A2E4A44A8846}.Debug|x86.Build.0 = Debug|Any CPU
		{3A5CE49F-3D5A-4D59-92F0-A2E4A44A8846}.Release|Any CPU.ActiveCfg = Release|Any CPU
		{3A5CE49F-3D5A-4D59-92F0-A2E4A44A8846}.Release|Any CPU.Build.0 = Release|Any CPU
		{3A5CE49F-3D5A-4D59-92F0-A2E4A44A8846}.Release|x64.ActiveCfg = Release|Any CPU
		{3A5CE49F-3D5A-4D59-92F0-A2E4A44A8846}.Release|x64.Build.0 = Release|Any CPU
		{3A5CE49F-3D5A-4D59-92F0-A2E4A44A8846}.Release|x86.ActiveCfg = Release|Any CPU
		{3A5CE49F-3D5A-4D59-92F0-A2E4A44A8846}.Release|x86.Build.0 = Release|Any CPU
		{E650D5F3-5EBB-4EA6-9858-9CD20EDF20C4}.Debug|Any CPU.ActiveCfg = Debug|Any CPU
		{E650D5F3-5EBB-4EA6-9858-9CD20EDF20C4}.Debug|Any CPU.Build.0 = Debug|Any CPU
		{E650D5F3-5EBB-4EA6-9858-9CD20EDF20C4}.Debug|x64.ActiveCfg = Debug|Any CPU
		{E650D5F3-5EBB-4EA6-9858-9CD20EDF20C4}.Debug|x64.Build.0 = Debug|Any CPU
		{E650D5F3-5EBB-4EA6-9858-9CD20EDF20C4}.Debug|x86.ActiveCfg = Debug|Any CPU
		{E650D5F3-5EBB-4EA6-9858-9CD20EDF20C4}.Debug|x86.Build.0 = Debug|Any CPU
		{E650D5F3-5EBB-4EA6-9858-9CD20EDF20C4}.Release|Any CPU.ActiveCfg = Release|Any CPU
		{E650D5F3-5EBB-4EA6-9858-9CD20EDF20C4}.Release|Any CPU.Build.0 = Release|Any CPU
		{E650D5F3-5EBB-4EA6-9858-9CD20EDF20C4}.Release|x64.ActiveCfg = Release|Any CPU
		{E650D5F3-5EBB-4EA6-9858-9CD20EDF20C4}.Release|x64.Build.0 = Release|Any CPU
		{E650D5F3-5EBB-4EA6-9858-9CD20EDF20C4}.Release|x86.ActiveCfg = Release|Any CPU
		{E650D5F3-5EBB-4EA6-9858-9CD20EDF20C4}.Release|x86.Build.0 = Release|Any CPU
		{5E826C71-5144-40F3-8B9A-B15904DBC80A}.Debug|Any CPU.ActiveCfg = Debug|Any CPU
		{5E826C71-5144-40F3-8B9A-B15904DBC80A}.Debug|Any CPU.Build.0 = Debug|Any CPU
		{5E826C71-5144-40F3-8B9A-B15904DBC80A}.Debug|x64.ActiveCfg = Debug|Any CPU
		{5E826C71-5144-40F3-8B9A-B15904DBC80A}.Debug|x64.Build.0 = Debug|Any CPU
		{5E826C71-5144-40F3-8B9A-B15904DBC80A}.Debug|x86.ActiveCfg = Debug|Any CPU
		{5E826C71-5144-40F3-8B9A-B15904DBC80A}.Debug|x86.Build.0 = Debug|Any CPU
		{5E826C71-5144-40F3-8B9A-B15904DBC80A}.Release|Any CPU.ActiveCfg = Release|Any CPU
		{5E826C71-5144-40F3-8B9A-B15904DBC80A}.Release|Any CPU.Build.0 = Release|Any CPU
		{5E826C71-5144-40F3-8B9A-B15904DBC80A}.Release|x64.ActiveCfg = Release|Any CPU
		{5E826C71-5144-40F3-8B9A-B15904DBC80A}.Release|x64.Build.0 = Release|Any CPU
		{5E826C71-5144-40F3-8B9A-B15904DBC80A}.Release|x86.ActiveCfg = Release|Any CPU
		{5E826C71-5144-40F3-8B9A-B15904DBC80A}.Release|x86.Build.0 = Release|Any CPU
		{618BE9AE-06A1-48B7-A976-DBA983C1362B}.Debug|Any CPU.ActiveCfg = Debug|Any CPU
		{618BE9AE-06A1-48B7-A976-DBA983C1362B}.Debug|Any CPU.Build.0 = Debug|Any CPU
		{618BE9AE-06A1-48B7-A976-DBA983C1362B}.Debug|x64.ActiveCfg = Debug|Any CPU
		{618BE9AE-06A1-48B7-A976-DBA983C1362B}.Debug|x64.Build.0 = Debug|Any CPU
		{618BE9AE-06A1-48B7-A976-DBA983C1362B}.Debug|x86.ActiveCfg = Debug|Any CPU
		{618BE9AE-06A1-48B7-A976-DBA983C1362B}.Debug|x86.Build.0 = Debug|Any CPU
		{618BE9AE-06A1-48B7-A976-DBA983C1362B}.Release|Any CPU.ActiveCfg = Release|Any CPU
		{618BE9AE-06A1-48B7-A976-DBA983C1362B}.Release|Any CPU.Build.0 = Release|Any CPU
		{618BE9AE-06A1-48B7-A976-DBA983C1362B}.Release|x64.ActiveCfg = Release|Any CPU
		{618BE9AE-06A1-48B7-A976-DBA983C1362B}.Release|x64.Build.0 = Release|Any CPU
		{618BE9AE-06A1-48B7-A976-DBA983C1362B}.Release|x86.ActiveCfg = Release|Any CPU
		{618BE9AE-06A1-48B7-A976-DBA983C1362B}.Release|x86.Build.0 = Release|Any CPU
		{6F48CFF1-4351-47F0-82BE-12818F548731}.Debug|Any CPU.ActiveCfg = Debug|Any CPU
		{6F48CFF1-4351-47F0-82BE-12818F548731}.Debug|Any CPU.Build.0 = Debug|Any CPU
		{6F48CFF1-4351-47F0-82BE-12818F548731}.Debug|x64.ActiveCfg = Debug|Any CPU
		{6F48CFF1-4351-47F0-82BE-12818F548731}.Debug|x64.Build.0 = Debug|Any CPU
		{6F48CFF1-4351-47F0-82BE-12818F548731}.Debug|x86.ActiveCfg = Debug|Any CPU
		{6F48CFF1-4351-47F0-82BE-12818F548731}.Debug|x86.Build.0 = Debug|Any CPU
		{6F48CFF1-4351-47F0-82BE-12818F548731}.Release|Any CPU.ActiveCfg = Release|Any CPU
		{6F48CFF1-4351-47F0-82BE-12818F548731}.Release|Any CPU.Build.0 = Release|Any CPU
		{6F48CFF1-4351-47F0-82BE-12818F548731}.Release|x64.ActiveCfg = Release|Any CPU
		{6F48CFF1-4351-47F0-82BE-12818F548731}.Release|x64.Build.0 = Release|Any CPU
		{6F48CFF1-4351-47F0-82BE-12818F548731}.Release|x86.ActiveCfg = Release|Any CPU
		{6F48CFF1-4351-47F0-82BE-12818F548731}.Release|x86.Build.0 = Release|Any CPU
		{10F5B4B7-D342-4DC9-ACB1-635FBAF7016A}.Debug|Any CPU.ActiveCfg = Debug|Any CPU
		{10F5B4B7-D342-4DC9-ACB1-635FBAF7016A}.Debug|Any CPU.Build.0 = Debug|Any CPU
		{10F5B4B7-D342-4DC9-ACB1-635FBAF7016A}.Debug|x64.ActiveCfg = Debug|Any CPU
		{10F5B4B7-D342-4DC9-ACB1-635FBAF7016A}.Debug|x64.Build.0 = Debug|Any CPU
		{10F5B4B7-D342-4DC9-ACB1-635FBAF7016A}.Debug|x86.ActiveCfg = Debug|Any CPU
		{10F5B4B7-D342-4DC9-ACB1-635FBAF7016A}.Debug|x86.Build.0 = Debug|Any CPU
		{10F5B4B7-D342-4DC9-ACB1-635FBAF7016A}.Release|Any CPU.ActiveCfg = Release|Any CPU
		{10F5B4B7-D342-4DC9-ACB1-635FBAF7016A}.Release|Any CPU.Build.0 = Release|Any CPU
		{10F5B4B7-D342-4DC9-ACB1-635FBAF7016A}.Release|x64.ActiveCfg = Release|Any CPU
		{10F5B4B7-D342-4DC9-ACB1-635FBAF7016A}.Release|x64.Build.0 = Release|Any CPU
		{10F5B4B7-D342-4DC9-ACB1-635FBAF7016A}.Release|x86.ActiveCfg = Release|Any CPU
		{10F5B4B7-D342-4DC9-ACB1-635FBAF7016A}.Release|x86.Build.0 = Release|Any CPU
		{7022025F-BE3E-49C7-A0E6-DCE13296D0C3}.Debug|Any CPU.ActiveCfg = Debug|Any CPU
		{7022025F-BE3E-49C7-A0E6-DCE13296D0C3}.Debug|Any CPU.Build.0 = Debug|Any CPU
		{7022025F-BE3E-49C7-A0E6-DCE13296D0C3}.Debug|x64.ActiveCfg = Debug|Any CPU
		{7022025F-BE3E-49C7-A0E6-DCE13296D0C3}.Debug|x64.Build.0 = Debug|Any CPU
		{7022025F-BE3E-49C7-A0E6-DCE13296D0C3}.Debug|x86.ActiveCfg = Debug|Any CPU
		{7022025F-BE3E-49C7-A0E6-DCE13296D0C3}.Debug|x86.Build.0 = Debug|Any CPU
		{7022025F-BE3E-49C7-A0E6-DCE13296D0C3}.Release|Any CPU.ActiveCfg = Release|Any CPU
		{7022025F-BE3E-49C7-A0E6-DCE13296D0C3}.Release|Any CPU.Build.0 = Release|Any CPU
		{7022025F-BE3E-49C7-A0E6-DCE13296D0C3}.Release|x64.ActiveCfg = Release|Any CPU
		{7022025F-BE3E-49C7-A0E6-DCE13296D0C3}.Release|x64.Build.0 = Release|Any CPU
		{7022025F-BE3E-49C7-A0E6-DCE13296D0C3}.Release|x86.ActiveCfg = Release|Any CPU
		{7022025F-BE3E-49C7-A0E6-DCE13296D0C3}.Release|x86.Build.0 = Release|Any CPU
		{B778BBCB-9DF1-4BCD-9E6C-380B708CC1B9}.Debug|Any CPU.ActiveCfg = Debug|Any CPU
		{B778BBCB-9DF1-4BCD-9E6C-380B708CC1B9}.Debug|Any CPU.Build.0 = Debug|Any CPU
		{B778BBCB-9DF1-4BCD-9E6C-380B708CC1B9}.Debug|x64.ActiveCfg = Debug|Any CPU
		{B778BBCB-9DF1-4BCD-9E6C-380B708CC1B9}.Debug|x64.Build.0 = Debug|Any CPU
		{B778BBCB-9DF1-4BCD-9E6C-380B708CC1B9}.Debug|x86.ActiveCfg = Debug|Any CPU
		{B778BBCB-9DF1-4BCD-9E6C-380B708CC1B9}.Debug|x86.Build.0 = Debug|Any CPU
		{B778BBCB-9DF1-4BCD-9E6C-380B708CC1B9}.Release|Any CPU.ActiveCfg = Release|Any CPU
		{B778BBCB-9DF1-4BCD-9E6C-380B708CC1B9}.Release|Any CPU.Build.0 = Release|Any CPU
		{B778BBCB-9DF1-4BCD-9E6C-380B708CC1B9}.Release|x64.ActiveCfg = Release|Any CPU
		{B778BBCB-9DF1-4BCD-9E6C-380B708CC1B9}.Release|x64.Build.0 = Release|Any CPU
		{B778BBCB-9DF1-4BCD-9E6C-380B708CC1B9}.Release|x86.ActiveCfg = Release|Any CPU
		{B778BBCB-9DF1-4BCD-9E6C-380B708CC1B9}.Release|x86.Build.0 = Release|Any CPU
		{49B5955B-8C12-4CFF-A525-DDA5666E8BAB}.Debug|Any CPU.ActiveCfg = Debug|Any CPU
		{49B5955B-8C12-4CFF-A525-DDA5666E8BAB}.Debug|Any CPU.Build.0 = Debug|Any CPU
		{49B5955B-8C12-4CFF-A525-DDA5666E8BAB}.Debug|x64.ActiveCfg = Debug|Any CPU
		{49B5955B-8C12-4CFF-A525-DDA5666E8BAB}.Debug|x64.Build.0 = Debug|Any CPU
		{49B5955B-8C12-4CFF-A525-DDA5666E8BAB}.Debug|x86.ActiveCfg = Debug|Any CPU
		{49B5955B-8C12-4CFF-A525-DDA5666E8BAB}.Debug|x86.Build.0 = Debug|Any CPU
		{49B5955B-8C12-4CFF-A525-DDA5666E8BAB}.Release|Any CPU.ActiveCfg = Release|Any CPU
		{49B5955B-8C12-4CFF-A525-DDA5666E8BAB}.Release|Any CPU.Build.0 = Release|Any CPU
		{49B5955B-8C12-4CFF-A525-DDA5666E8BAB}.Release|x64.ActiveCfg = Release|Any CPU
		{49B5955B-8C12-4CFF-A525-DDA5666E8BAB}.Release|x64.Build.0 = Release|Any CPU
		{49B5955B-8C12-4CFF-A525-DDA5666E8BAB}.Release|x86.ActiveCfg = Release|Any CPU
		{49B5955B-8C12-4CFF-A525-DDA5666E8BAB}.Release|x86.Build.0 = Release|Any CPU
		{6BA5E3DA-F484-4483-94B3-DA1EC185D99E}.Debug|Any CPU.ActiveCfg = Debug|Any CPU
		{6BA5E3DA-F484-4483-94B3-DA1EC185D99E}.Debug|Any CPU.Build.0 = Debug|Any CPU
		{6BA5E3DA-F484-4483-94B3-DA1EC185D99E}.Debug|x64.ActiveCfg = Debug|Any CPU
		{6BA5E3DA-F484-4483-94B3-DA1EC185D99E}.Debug|x64.Build.0 = Debug|Any CPU
		{6BA5E3DA-F484-4483-94B3-DA1EC185D99E}.Debug|x86.ActiveCfg = Debug|Any CPU
		{6BA5E3DA-F484-4483-94B3-DA1EC185D99E}.Debug|x86.Build.0 = Debug|Any CPU
		{6BA5E3DA-F484-4483-94B3-DA1EC185D99E}.Release|Any CPU.ActiveCfg = Release|Any CPU
		{6BA5E3DA-F484-4483-94B3-DA1EC185D99E}.Release|Any CPU.Build.0 = Release|Any CPU
		{6BA5E3DA-F484-4483-94B3-DA1EC185D99E}.Release|x64.ActiveCfg = Release|Any CPU
		{6BA5E3DA-F484-4483-94B3-DA1EC185D99E}.Release|x64.Build.0 = Release|Any CPU
		{6BA5E3DA-F484-4483-94B3-DA1EC185D99E}.Release|x86.ActiveCfg = Release|Any CPU
		{6BA5E3DA-F484-4483-94B3-DA1EC185D99E}.Release|x86.Build.0 = Release|Any CPU
		{D278AF2A-8DE9-4793-9AFD-889AD70647D2}.Debug|Any CPU.ActiveCfg = Debug|Any CPU
		{D278AF2A-8DE9-4793-9AFD-889AD70647D2}.Debug|Any CPU.Build.0 = Debug|Any CPU
		{D278AF2A-8DE9-4793-9AFD-889AD70647D2}.Debug|x64.ActiveCfg = Debug|Any CPU
		{D278AF2A-8DE9-4793-9AFD-889AD70647D2}.Debug|x64.Build.0 = Debug|Any CPU
		{D278AF2A-8DE9-4793-9AFD-889AD70647D2}.Debug|x86.ActiveCfg = Debug|Any CPU
		{D278AF2A-8DE9-4793-9AFD-889AD70647D2}.Debug|x86.Build.0 = Debug|Any CPU
		{D278AF2A-8DE9-4793-9AFD-889AD70647D2}.Release|Any CPU.ActiveCfg = Release|Any CPU
		{D278AF2A-8DE9-4793-9AFD-889AD70647D2}.Release|Any CPU.Build.0 = Release|Any CPU
		{D278AF2A-8DE9-4793-9AFD-889AD70647D2}.Release|x64.ActiveCfg = Release|Any CPU
		{D278AF2A-8DE9-4793-9AFD-889AD70647D2}.Release|x64.Build.0 = Release|Any CPU
		{D278AF2A-8DE9-4793-9AFD-889AD70647D2}.Release|x86.ActiveCfg = Release|Any CPU
		{D278AF2A-8DE9-4793-9AFD-889AD70647D2}.Release|x86.Build.0 = Release|Any CPU
		{6768F953-8A9A-483C-9FA8-5B7863F2E2EE}.Debug|Any CPU.ActiveCfg = Debug|Any CPU
		{6768F953-8A9A-483C-9FA8-5B7863F2E2EE}.Debug|Any CPU.Build.0 = Debug|Any CPU
		{6768F953-8A9A-483C-9FA8-5B7863F2E2EE}.Debug|x64.ActiveCfg = Debug|Any CPU
		{6768F953-8A9A-483C-9FA8-5B7863F2E2EE}.Debug|x64.Build.0 = Debug|Any CPU
		{6768F953-8A9A-483C-9FA8-5B7863F2E2EE}.Debug|x86.ActiveCfg = Debug|Any CPU
		{6768F953-8A9A-483C-9FA8-5B7863F2E2EE}.Debug|x86.Build.0 = Debug|Any CPU
		{6768F953-8A9A-483C-9FA8-5B7863F2E2EE}.Release|Any CPU.ActiveCfg = Release|Any CPU
		{6768F953-8A9A-483C-9FA8-5B7863F2E2EE}.Release|Any CPU.Build.0 = Release|Any CPU
		{6768F953-8A9A-483C-9FA8-5B7863F2E2EE}.Release|x64.ActiveCfg = Release|Any CPU
		{6768F953-8A9A-483C-9FA8-5B7863F2E2EE}.Release|x64.Build.0 = Release|Any CPU
		{6768F953-8A9A-483C-9FA8-5B7863F2E2EE}.Release|x86.ActiveCfg = Release|Any CPU
		{6768F953-8A9A-483C-9FA8-5B7863F2E2EE}.Release|x86.Build.0 = Release|Any CPU
		{22830714-D02E-4C25-8192-6FD5B9273ED3}.Debug|Any CPU.ActiveCfg = Debug|Any CPU
		{22830714-D02E-4C25-8192-6FD5B9273ED3}.Debug|Any CPU.Build.0 = Debug|Any CPU
		{22830714-D02E-4C25-8192-6FD5B9273ED3}.Debug|x64.ActiveCfg = Debug|Any CPU
		{22830714-D02E-4C25-8192-6FD5B9273ED3}.Debug|x64.Build.0 = Debug|Any CPU
		{22830714-D02E-4C25-8192-6FD5B9273ED3}.Debug|x86.ActiveCfg = Debug|Any CPU
		{22830714-D02E-4C25-8192-6FD5B9273ED3}.Debug|x86.Build.0 = Debug|Any CPU
		{22830714-D02E-4C25-8192-6FD5B9273ED3}.Release|Any CPU.ActiveCfg = Release|Any CPU
		{22830714-D02E-4C25-8192-6FD5B9273ED3}.Release|Any CPU.Build.0 = Release|Any CPU
		{22830714-D02E-4C25-8192-6FD5B9273ED3}.Release|x64.ActiveCfg = Release|Any CPU
		{22830714-D02E-4C25-8192-6FD5B9273ED3}.Release|x64.Build.0 = Release|Any CPU
		{22830714-D02E-4C25-8192-6FD5B9273ED3}.Release|x86.ActiveCfg = Release|Any CPU
		{22830714-D02E-4C25-8192-6FD5B9273ED3}.Release|x86.Build.0 = Release|Any CPU
		{7DF155A0-C835-492F-A7CA-C1810F361631}.Debug|Any CPU.ActiveCfg = Debug|Any CPU
		{7DF155A0-C835-492F-A7CA-C1810F361631}.Debug|Any CPU.Build.0 = Debug|Any CPU
		{7DF155A0-C835-492F-A7CA-C1810F361631}.Debug|x64.ActiveCfg = Debug|Any CPU
		{7DF155A0-C835-492F-A7CA-C1810F361631}.Debug|x64.Build.0 = Debug|Any CPU
		{7DF155A0-C835-492F-A7CA-C1810F361631}.Debug|x86.ActiveCfg = Debug|Any CPU
		{7DF155A0-C835-492F-A7CA-C1810F361631}.Debug|x86.Build.0 = Debug|Any CPU
		{7DF155A0-C835-492F-A7CA-C1810F361631}.Release|Any CPU.ActiveCfg = Release|Any CPU
		{7DF155A0-C835-492F-A7CA-C1810F361631}.Release|Any CPU.Build.0 = Release|Any CPU
		{7DF155A0-C835-492F-A7CA-C1810F361631}.Release|x64.ActiveCfg = Release|Any CPU
		{7DF155A0-C835-492F-A7CA-C1810F361631}.Release|x64.Build.0 = Release|Any CPU
		{7DF155A0-C835-492F-A7CA-C1810F361631}.Release|x86.ActiveCfg = Release|Any CPU
		{7DF155A0-C835-492F-A7CA-C1810F361631}.Release|x86.Build.0 = Release|Any CPU
		{DDFCBDA3-FD05-456B-9685-275B50FFB6EF}.Debug|Any CPU.ActiveCfg = Debug|Any CPU
		{DDFCBDA3-FD05-456B-9685-275B50FFB6EF}.Debug|Any CPU.Build.0 = Debug|Any CPU
		{DDFCBDA3-FD05-456B-9685-275B50FFB6EF}.Debug|x64.ActiveCfg = Debug|Any CPU
		{DDFCBDA3-FD05-456B-9685-275B50FFB6EF}.Debug|x64.Build.0 = Debug|Any CPU
		{DDFCBDA3-FD05-456B-9685-275B50FFB6EF}.Debug|x86.ActiveCfg = Debug|Any CPU
		{DDFCBDA3-FD05-456B-9685-275B50FFB6EF}.Debug|x86.Build.0 = Debug|Any CPU
		{DDFCBDA3-FD05-456B-9685-275B50FFB6EF}.Release|Any CPU.ActiveCfg = Release|Any CPU
		{DDFCBDA3-FD05-456B-9685-275B50FFB6EF}.Release|Any CPU.Build.0 = Release|Any CPU
		{DDFCBDA3-FD05-456B-9685-275B50FFB6EF}.Release|x64.ActiveCfg = Release|Any CPU
		{DDFCBDA3-FD05-456B-9685-275B50FFB6EF}.Release|x64.Build.0 = Release|Any CPU
		{DDFCBDA3-FD05-456B-9685-275B50FFB6EF}.Release|x86.ActiveCfg = Release|Any CPU
		{DDFCBDA3-FD05-456B-9685-275B50FFB6EF}.Release|x86.Build.0 = Release|Any CPU
		{59BCE191-69C2-4B99-ABA4-FB94C9E2A007}.Debug|Any CPU.ActiveCfg = Debug|Any CPU
		{59BCE191-69C2-4B99-ABA4-FB94C9E2A007}.Debug|Any CPU.Build.0 = Debug|Any CPU
		{59BCE191-69C2-4B99-ABA4-FB94C9E2A007}.Debug|x64.ActiveCfg = Debug|Any CPU
		{59BCE191-69C2-4B99-ABA4-FB94C9E2A007}.Debug|x64.Build.0 = Debug|Any CPU
		{59BCE191-69C2-4B99-ABA4-FB94C9E2A007}.Debug|x86.ActiveCfg = Debug|Any CPU
		{59BCE191-69C2-4B99-ABA4-FB94C9E2A007}.Debug|x86.Build.0 = Debug|Any CPU
		{59BCE191-69C2-4B99-ABA4-FB94C9E2A007}.Release|Any CPU.ActiveCfg = Release|Any CPU
		{59BCE191-69C2-4B99-ABA4-FB94C9E2A007}.Release|Any CPU.Build.0 = Release|Any CPU
		{59BCE191-69C2-4B99-ABA4-FB94C9E2A007}.Release|x64.ActiveCfg = Release|Any CPU
		{59BCE191-69C2-4B99-ABA4-FB94C9E2A007}.Release|x64.Build.0 = Release|Any CPU
		{59BCE191-69C2-4B99-ABA4-FB94C9E2A007}.Release|x86.ActiveCfg = Release|Any CPU
		{59BCE191-69C2-4B99-ABA4-FB94C9E2A007}.Release|x86.Build.0 = Release|Any CPU
	EndGlobalSection
	GlobalSection(SolutionProperties) = preSolution
		HideSolutionNode = FALSE
	EndGlobalSection
	GlobalSection(NestedProjects) = preSolution
		{3A5CE49F-3D5A-4D59-92F0-A2E4A44A8846} = {0DE81A42-C946-4FD6-93D6-7C3F236282D5}
		{E650D5F3-5EBB-4EA6-9858-9CD20EDF20C4} = {0DE81A42-C946-4FD6-93D6-7C3F236282D5}
		{5E826C71-5144-40F3-8B9A-B15904DBC80A} = {0DE81A42-C946-4FD6-93D6-7C3F236282D5}
		{618BE9AE-06A1-48B7-A976-DBA983C1362B} = {0DE81A42-C946-4FD6-93D6-7C3F236282D5}
		{6F48CFF1-4351-47F0-82BE-12818F548731} = {0DE81A42-C946-4FD6-93D6-7C3F236282D5}
		{10F5B4B7-D342-4DC9-ACB1-635FBAF7016A} = {8B5CD76D-9C1D-43F4-B674-3FD5986E4F97}
		{7022025F-BE3E-49C7-A0E6-DCE13296D0C3} = {0DE81A42-C946-4FD6-93D6-7C3F236282D5}
		{B778BBCB-9DF1-4BCD-9E6C-380B708CC1B9} = {8B5CD76D-9C1D-43F4-B674-3FD5986E4F97}
		{49B5955B-8C12-4CFF-A525-DDA5666E8BAB} = {0DE81A42-C946-4FD6-93D6-7C3F236282D5}
		{6BA5E3DA-F484-4483-94B3-DA1EC185D99E} = {0DE81A42-C946-4FD6-93D6-7C3F236282D5}
		{D278AF2A-8DE9-4793-9AFD-889AD70647D2} = {0DE81A42-C946-4FD6-93D6-7C3F236282D5}
		{6768F953-8A9A-483C-9FA8-5B7863F2E2EE} = {0DE81A42-C946-4FD6-93D6-7C3F236282D5}
		{22830714-D02E-4C25-8192-6FD5B9273ED3} = {8B5CD76D-9C1D-43F4-B674-3FD5986E4F97}
		{7DF155A0-C835-492F-A7CA-C1810F361631} = {0DE81A42-C946-4FD6-93D6-7C3F236282D5}
		{DDFCBDA3-FD05-456B-9685-275B50FFB6EF} = {8B5CD76D-9C1D-43F4-B674-3FD5986E4F97}
		{59BCE191-69C2-4B99-ABA4-FB94C9E2A007} = {0DE81A42-C946-4FD6-93D6-7C3F236282D5}
	EndGlobalSection
	GlobalSection(ExtensibilityGlobals) = postSolution
		SolutionGuid = {DB06B193-55A8-4511-BBE7-B6E49532B2B3}
	EndGlobalSection
EndGlobal
